{
  "version": 4,
  "terraform_version": "1.7.4",
  "serial": 10,
  "lineage": "77dac6f3-58ea-2d1f-2fd3-e56b21b543db",
  "outputs": {},
  "resources": [
    {
      "mode": "data",
      "type": "azurerm_resource_group",
      "name": "tstrg01",
      "provider": "provider[\"registry.terraform.io/hashicorp/azurerm\"]",
      "instances": [
        {
          "schema_version": 0,
          "attributes": {
            "id": "/subscriptions/13917d14-a7e0-4435-8830-403a28246744/resourceGroups/myfirstpsrg01",
            "location": "westeurope",
            "name": "myfirstpsrg01",
            "tags": {
              "application": "abc",
              "environment": "testing",
              "owner": "raju",
              "ownernesid": "5155",
              "purpose": "powershell24",
              "source": "cloudshell"
            },
            "timeouts": null
          },
          "sensitive_attributes": []
        }
      ]
    },
    {
      "mode": "managed",
      "type": "azurerm_resource_group",
      "name": "demorg02",
      "provider": "provider[\"registry.terraform.io/hashicorp/azurerm\"]",
      "instances": [
        {
          "schema_version": 0,
          "attributes": {
            "id": "/subscriptions/13917d14-a7e0-4435-8830-403a28246744/resourceGroups/tstterrlocrg02",
            "location": "southindia",
            "name": "tstterrlocrg02",
            "tags": {
              "environment": "testing",
              "owner": "rama",
              "test": "terraform"
            },
            "timeouts": null
          },
          "sensitive_attributes": [],
          "private": "eyJlMmJmYjczMC1lY2FhLTExZTYtOGY4OC0zNDM2M2JjN2M0YzAiOnsiY3JlYXRlIjo1NDAwMDAwMDAwMDAwLCJkZWxldGUiOjU0MDAwMDAwMDAwMDAsInJlYWQiOjMwMDAwMDAwMDAwMCwidXBkYXRlIjo1NDAwMDAwMDAwMDAwfX0="
        }
      ]
    },
    {
      "mode": "managed",
      "type": "azurerm_resource_group",
      "name": "demorg03",
      "provider": "provider[\"registry.terraform.io/hashicorp/azurerm\"]",
      "instances": [
        {
          "schema_version": 0,
          "attributes": {
            "id": "/subscriptions/13917d14-a7e0-4435-8830-403a28246744/resourceGroups/tstterrlocrg03",
            "location": "southindia",
            "name": "tstterrlocrg03",
            "tags": {
              "environment": "testing",
              "owner": "rama",
              "test": "terraform"
            },
            "timeouts": null
          },
          "sensitive_attributes": [],
          "private": "eyJlMmJmYjczMC1lY2FhLTExZTYtOGY4OC0zNDM2M2JjN2M0YzAiOnsiY3JlYXRlIjo1NDAwMDAwMDAwMDAwLCJkZWxldGUiOjU0MDAwMDAwMDAwMDAsInJlYWQiOjMwMDAwMDAwMDAwMCwidXBkYXRlIjo1NDAwMDAwMDAwMDAwfX0="
        }
      ]
    },
    {
      "mode": "managed",
      "type": "azurerm_storage_account",
      "name": "stracct01",
      "provider": "provider[\"registry.terraform.io/hashicorp/azurerm\"]",
      "instances": [
        {
          "schema_version": 3,
          "attributes": {
            "access_tier": "Hot",
            "account_kind": "StorageV2",
            "account_replication_type": "GRS",
            "account_tier": "Standard",
            "allow_nested_items_to_be_public": true,
            "azure_files_authentication": [],
            "blob_properties": [
              {
                "change_feed_enabled": false,
                "container_delete_retention_policy": [],
                "cors_rule": [],
                "default_service_version": "",
                "delete_retention_policy": [],
                "last_access_time_enabled": false,
                "versioning_enabled": false
              }
            ],
            "custom_domain": [],
            "customer_managed_key": [],
            "edge_zone": "",
            "enable_https_traffic_only": true,
            "id": "/subscriptions/13917d14-a7e0-4435-8830-403a28246744/resourceGroups/tstterrlocrg02/providers/Microsoft.Storage/storageAccounts/tststactflc001",
            "identity": [],
            "infrastructure_encryption_enabled": false,
            "is_hns_enabled": false,
            "large_file_share_enabled": null,
            "location": "southindia",
            "min_tls_version": "TLS1_2",
            "name": "tststactflc001",
            "network_rules": [
              {
                "bypass": [
                  "AzureServices"
                ],
                "default_action": "Allow",
                "ip_rules": [],
                "private_link_access": [],
                "virtual_network_subnet_ids": []
              }
            ],
            "nfsv3_enabled": false,
            "primary_access_key": "f8K2vfrdj/FXVvFMFKKKviIPo/lMHX7LoYC2xP8fSri3/PY/QuXETSWZxXMCHNXg9dbEoEzhm1rL+AStyDmGVA==",
            "primary_blob_connection_string": "DefaultEndpointsProtocol=https;BlobEndpoint=https://tststactflc001.blob.core.windows.net/;AccountName=tststactflc001;AccountKey=f8K2vfrdj/FXVvFMFKKKviIPo/lMHX7LoYC2xP8fSri3/PY/QuXETSWZxXMCHNXg9dbEoEzhm1rL+AStyDmGVA==",
            "primary_blob_endpoint": "https://tststactflc001.blob.core.windows.net/",
            "primary_blob_host": "tststactflc001.blob.core.windows.net",
            "primary_connection_string": "DefaultEndpointsProtocol=https;AccountName=tststactflc001;AccountKey=f8K2vfrdj/FXVvFMFKKKviIPo/lMHX7LoYC2xP8fSri3/PY/QuXETSWZxXMCHNXg9dbEoEzhm1rL+AStyDmGVA==;EndpointSuffix=core.windows.net",
            "primary_dfs_endpoint": "https://tststactflc001.dfs.core.windows.net/",
            "primary_dfs_host": "tststactflc001.dfs.core.windows.net",
            "primary_file_endpoint": "https://tststactflc001.file.core.windows.net/",
            "primary_file_host": "tststactflc001.file.core.windows.net",
            "primary_location": "southindia",
            "primary_queue_endpoint": "https://tststactflc001.queue.core.windows.net/",
            "primary_queue_host": "tststactflc001.queue.core.windows.net",
            "primary_table_endpoint": "https://tststactflc001.table.core.windows.net/",
            "primary_table_host": "tststactflc001.table.core.windows.net",
            "primary_web_endpoint": "https://tststactflc001.z30.web.core.windows.net/",
            "primary_web_host": "tststactflc001.z30.web.core.windows.net",
            "queue_encryption_key_type": "Service",
            "queue_properties": [
              {
                "cors_rule": [],
                "hour_metrics": [
                  {
                    "enabled": true,
                    "include_apis": true,
                    "retention_policy_days": 7,
                    "version": "1.0"
                  }
                ],
                "logging": [
                  {
                    "delete": false,
                    "read": false,
                    "retention_policy_days": 0,
                    "version": "1.0",
                    "write": false
                  }
                ],
                "minute_metrics": [
                  {
                    "enabled": false,
                    "include_apis": false,
                    "retention_policy_days": 0,
                    "version": "1.0"
                  }
                ]
              }
            ],
            "resource_group_name": "tstterrlocrg02",
            "routing": [],
            "secondary_access_key": "PDiJR+c4R8yOAErIKG8hI0635HUl5nJGiVSz6f5S/DHw1toc/pX+tSE5i9ytSIpdcNMnO8+xPyXM+AStOMqGYg==",
            "secondary_blob_connection_string": "",
            "secondary_blob_endpoint": null,
            "secondary_blob_host": null,
            "secondary_connection_string": "DefaultEndpointsProtocol=https;AccountName=tststactflc001;AccountKey=PDiJR+c4R8yOAErIKG8hI0635HUl5nJGiVSz6f5S/DHw1toc/pX+tSE5i9ytSIpdcNMnO8+xPyXM+AStOMqGYg==;EndpointSuffix=core.windows.net",
            "secondary_dfs_endpoint": null,
            "secondary_dfs_host": null,
            "secondary_file_endpoint": null,
            "secondary_file_host": null,
            "secondary_location": "centralindia",
            "secondary_queue_endpoint": null,
            "secondary_queue_host": null,
            "secondary_table_endpoint": null,
            "secondary_table_host": null,
            "secondary_web_endpoint": null,
            "secondary_web_host": null,
            "share_properties": [
              {
                "cors_rule": [],
                "retention_policy": [
                  {
                    "days": 7
                  }
                ],
                "smb": []
              }
            ],
            "shared_access_key_enabled": true,
            "static_website": [],
            "table_encryption_key_type": "Service",
            "tags": {
              "environment": "testing",
              "owner": "rama",
              "test": "terraform"
            },
            "timeouts": null
          },
          "sensitive_attributes": [],
          "private": "eyJlMmJmYjczMC1lY2FhLTExZTYtOGY4OC0zNDM2M2JjN2M0YzAiOnsiY3JlYXRlIjozNjAwMDAwMDAwMDAwLCJkZWxldGUiOjM2MDAwMDAwMDAwMDAsInJlYWQiOjMwMDAwMDAwMDAwMCwidXBkYXRlIjozNjAwMDAwMDAwMDAwfSwic2NoZW1hX3ZlcnNpb24iOiIzIn0=",
          "dependencies": [
            "azurerm_resource_group.demorg02"
          ]
        }
      ]
    },
    {
      "mode": "managed",
      "type": "azurerm_storage_account",
      "name": "stracct02",
      "provider": "provider[\"registry.terraform.io/hashicorp/azurerm\"]",
      "instances": [
        {
          "schema_version": 3,
          "attributes": {
            "access_tier": "Hot",
            "account_kind": "StorageV2",
            "account_replication_type": "GRS",
            "account_tier": "Standard",
            "allow_nested_items_to_be_public": true,
            "azure_files_authentication": [],
            "blob_properties": [
              {
                "change_feed_enabled": false,
                "container_delete_retention_policy": [],
                "cors_rule": [],
                "default_service_version": "",
                "delete_retention_policy": [],
                "last_access_time_enabled": false,
                "versioning_enabled": false
              }
            ],
            "custom_domain": [],
            "customer_managed_key": [],
            "edge_zone": "",
            "enable_https_traffic_only": true,
            "id": "/subscriptions/13917d14-a7e0-4435-8830-403a28246744/resourceGroups/myfirstpsrg01/providers/Microsoft.Storage/storageAccounts/tststactflc002",
            "identity": [],
            "infrastructure_encryption_enabled": false,
            "is_hns_enabled": false,
            "large_file_share_enabled": null,
            "location": "southindia",
            "min_tls_version": "TLS1_2",
            "name": "tststactflc002",
            "network_rules": [
              {
                "bypass": [
                  "AzureServices"
                ],
                "default_action": "Allow",
                "ip_rules": [],
                "private_link_access": [],
                "virtual_network_subnet_ids": []
              }
            ],
            "nfsv3_enabled": false,
            "primary_access_key": "HHfggz6ET4loLMsy4EX11EE6TDNFO6MP/Am4IeqTBfuzSDguLlxgwSepXWht1I3JEgqHZ0f3EpjO+AStB/XSMQ==",
            "primary_blob_connection_string": "DefaultEndpointsProtocol=https;BlobEndpoint=https://tststactflc002.blob.core.windows.net/;AccountName=tststactflc002;AccountKey=HHfggz6ET4loLMsy4EX11EE6TDNFO6MP/Am4IeqTBfuzSDguLlxgwSepXWht1I3JEgqHZ0f3EpjO+AStB/XSMQ==",
            "primary_blob_endpoint": "https://tststactflc002.blob.core.windows.net/",
            "primary_blob_host": "tststactflc002.blob.core.windows.net",
            "primary_connection_string": "DefaultEndpointsProtocol=https;AccountName=tststactflc002;AccountKey=HHfggz6ET4loLMsy4EX11EE6TDNFO6MP/Am4IeqTBfuzSDguLlxgwSepXWht1I3JEgqHZ0f3EpjO+AStB/XSMQ==;EndpointSuffix=core.windows.net",
            "primary_dfs_endpoint": "https://tststactflc002.dfs.core.windows.net/",
            "primary_dfs_host": "tststactflc002.dfs.core.windows.net",
            "primary_file_endpoint": "https://tststactflc002.file.core.windows.net/",
            "primary_file_host": "tststactflc002.file.core.windows.net",
            "primary_location": "southindia",
            "primary_queue_endpoint": "https://tststactflc002.queue.core.windows.net/",
            "primary_queue_host": "tststactflc002.queue.core.windows.net",
            "primary_table_endpoint": "https://tststactflc002.table.core.windows.net/",
            "primary_table_host": "tststactflc002.table.core.windows.net",
            "primary_web_endpoint": "https://tststactflc002.z30.web.core.windows.net/",
            "primary_web_host": "tststactflc002.z30.web.core.windows.net",
            "queue_encryption_key_type": "Service",
            "queue_properties": [
              {
                "cors_rule": [],
                "hour_metrics": [
                  {
                    "enabled": true,
                    "include_apis": true,
                    "retention_policy_days": 7,
                    "version": "1.0"
                  }
                ],
                "logging": [
                  {
                    "delete": false,
                    "read": false,
                    "retention_policy_days": 0,
                    "version": "1.0",
                    "write": false
                  }
                ],
                "minute_metrics": [
                  {
                    "enabled": false,
                    "include_apis": false,
                    "retention_policy_days": 0,
                    "version": "1.0"
                  }
                ]
              }
            ],
            "resource_group_name": "myfirstpsrg01",
            "routing": [],
            "secondary_access_key": "PAmWew23oOeopsJnTRQD1ER9xF1bRMPJTCagKy3iboZ9BAqSrVMQ0fTWjK+ifXGBRItpWR2wlJ4/+AStpLaG4g==",
            "secondary_blob_connection_string": "",
            "secondary_blob_endpoint": null,
            "secondary_blob_host": null,
            "secondary_connection_string": "DefaultEndpointsProtocol=https;AccountName=tststactflc002;AccountKey=PAmWew23oOeopsJnTRQD1ER9xF1bRMPJTCagKy3iboZ9BAqSrVMQ0fTWjK+ifXGBRItpWR2wlJ4/+AStpLaG4g==;EndpointSuffix=core.windows.net",
            "secondary_dfs_endpoint": null,
            "secondary_dfs_host": null,
            "secondary_file_endpoint": null,
            "secondary_file_host": null,
            "secondary_location": "centralindia",
            "secondary_queue_endpoint": null,
            "secondary_queue_host": null,
            "secondary_table_endpoint": null,
            "secondary_table_host": null,
            "secondary_web_endpoint": null,
            "secondary_web_host": null,
            "share_properties": [
              {
                "cors_rule": [],
                "retention_policy": [
                  {
                    "days": 7
                  }
                ],
                "smb": []
              }
            ],
            "shared_access_key_enabled": true,
            "static_website": [],
            "table_encryption_key_type": "Service",
            "tags": {
              "environment": "testing",
              "owner": "rama",
              "test": "terraform"
            },
            "timeouts": null
          },
          "sensitive_attributes": [],
          "private": "eyJlMmJmYjczMC1lY2FhLTExZTYtOGY4OC0zNDM2M2JjN2M0YzAiOnsiY3JlYXRlIjozNjAwMDAwMDAwMDAwLCJkZWxldGUiOjM2MDAwMDAwMDAwMDAsInJlYWQiOjMwMDAwMDAwMDAwMCwidXBkYXRlIjozNjAwMDAwMDAwMDAwfSwic2NoZW1hX3ZlcnNpb24iOiIzIn0=",
          "dependencies": [
            "data.azurerm_resource_group.tstrg01"
          ]
        }
      ]
    }
  ],
  "check_results": null
}
